
Microsoft Visual Studio Solution File, Format Version 11.00
# Visual Studio 2010
Project("{FAE04EC0-301F-11D3-BF4B-00C04F79EFBC}") = "HtmlParser", "src\HtmlParser\HtmlParser.csproj", "{3D932214-5CA2-421F-927A-F0E644848F6B}"
EndProject
Project("{FAE04EC0-301F-11D3-BF4B-00C04F79EFBC}") = "HtmlParser.Tests", "src\HtmlParser.Tests\HtmlParser.Tests.csproj", "{EBB7AB68-4DCA-4A3F-BBA9-11539AF77522}"
EndProject
Project("{2150E333-8FDC-42A3-9474-1A3956D46DE8}") = "Solution Items", "Solution Items", "{9A81BC5B-CEAD-41D9-B938-5BAC3E0B4A11}"
	ProjectSection(SolutionItems) = preProject
		TODO.txt = TODO.txt
	EndProjectSection
EndProject
Global
	GlobalSection(SolutionConfigurationPlatforms) = preSolution
		Debug|Any CPU = Debug|Any CPU
		Release|Any CPU = Release|Any CPU
	EndGlobalSection
	GlobalSection(ProjectConfigurationPlatforms) = postSolution
		{3D932214-5CA2-421F-927A-F0E644848F6B}.Debug|Any CPU.ActiveCfg = Debug|Any CPU
		{3D932214-5CA2-421F-927A-F0E644848F6B}.Debug|Any CPU.Build.0 = Debug|Any CPU
		{3D932214-5CA2-421F-927A-F0E644848F6B}.Release|Any CPU.ActiveCfg = Release|Any CPU
		{3D932214-5CA2-421F-927A-F0E644848F6B}.Release|Any CPU.Build.0 = Release|Any CPU
		{EBB7AB68-4DCA-4A3F-BBA9-11539AF77522}.Debug|Any CPU.ActiveCfg = Debug|Any CPU
		{EBB7AB68-4DCA-4A3F-BBA9-11539AF77522}.Debug|Any CPU.Build.0 = Debug|Any CPU
		{EBB7AB68-4DCA-4A3F-BBA9-11539AF77522}.Release|Any CPU.ActiveCfg = Release|Any CPU
		{EBB7AB68-4DCA-4A3F-BBA9-11539AF77522}.Release|Any CPU.Build.0 = Release|Any CPU
	EndGlobalSection
	GlobalSection(SolutionProperties) = preSolution
		HideSolutionNode = FALSE
	EndGlobalSection
EndGlobal
